// !$*UTF8*$!
{
	archiveVersion = 1;
	classes = {
	};
	objectVersion = 77;
	objects = {

/* Begin PBXContainerItemProxy section */
		6AA98CC82F9AE47300565BED /* PBXContainerItemProxy */ = {
			isa = PBXContainerItemProxy;
			containerPortal = 6AA98CB22F9AE47200565BED /* Project object */;
			proxyType = 1;
			remoteGlobalIDString = 6AA98CB92F9AE47200565BED;
			remoteInfo = SkinStack;
		};
		6AA98CD22F9AE47300565BED /* PBXContainerItemProxy */ = {
			isa = PBXContainerItemProxy;
			containerPortal = 6AA98CB22F9AE47200565BED /* Project object */;
			proxyType = 1;
			remoteGlobalIDString = 6AA98CB92F9AE47200565BED;
			remoteInfo = SkinStack;
		};
/* End PBXContainerItemProxy section */

/* Begin PBXFileReference section */
		6AA98CBA2F9AE47200565BED /* SkinStack.app */ = {isa = PBXFileReference; explicitFileType = wrapper.application; includeInIndex = 0; path = SkinStack.app; sourceTree = BUILT_PRODUCTS_DIR; };
		6AA98CC72F9AE47300565BED /* SkinStackTests.xctest */ = {isa = PBXFileReference; explicitFileType = wrapper.cfbundle; includeInIndex = 0; path = SkinStackTests.xctest; sourceTree = BUILT_PRODUCTS_DIR; };
		6AA98CD12F9AE47300565BED /* SkinStackUITests.xctest */ = {isa = PBXFileReference; explicitFileType = wrapper.cfbundle; includeInIndex = 0; path = SkinStackUITests.xctest; sourceTree = BUILT_PRODUCTS_DIR; };
/* End PBXFileReference section */

/* Begin PBXFileSystemSynchronizedRootGroup section */
		6AA98CBC2F9AE47200565BED /* SkinStack */ = {
			isa = PBXFileSystemSynchronizedRootGroup;
			path = SkinStack;
			sourceTree = "<group>";
		};
		6AA98CCA2F9AE47300565BED /* SkinStackTests */ = {
			isa = PBXFileSystemSynchronizedRootGroup;
			path = SkinStackTests;
			sourceTree = "<group>";
		};
		6AA98CD42F9AE47300565BED /* SkinStackUITests */ = {
			isa = PBXFileSystemSynchronizedRootGroup;
			path = SkinStackUITests;
			sourceTree = "<group>";
		};
/* End PBXFileSystemSynchronizedRootGroup section */

/* Begin PBXFrameworksBuildPhase section */
		6AA98CB72F9AE47200565BED /* Frameworks */ = {
			isa = PBXFrameworksBuildPhase;
			buildActionMask = 2147483647;
			files = (
			);
			runOnlyForDeploymentPostprocessing = 0;
		};
		6AA98CC42F9AE47300565BED /* Frameworks */ = {
			isa = PBXFrameworksBuildPhase;
			buildActionMask = 2147483647;
			files = (
			);
			runOnlyForDeploymentPostprocessing = 0;
		};
		6AA98CCE2F9AE47300565BED /* Frameworks */ = {
			isa = PBXFrameworksBuildPhase;
			buildActionMask = 2147483647;
			files = (
			);
			runOnlyForDeploymentPostprocessing = 0;
		};
/* End PBXFrameworksBuildPhase section */

/* Begin PBXGroup section */
		6AA98CB12F9AE47200565BED = {
			isa = PBXGroup;
			children = (
				6AA98CBC2F9AE47200565BED /* SkinStack */,
				6AA98CCA2F9AE47300565BED /* SkinStackTests */,
				6AA98CD42F9AE47300565BED /* SkinStackUITests */,
				6AA98CBB2F9AE47200565BED /* Products */,
			);
			sourceTree = "<group>";
		};
		6AA98CBB2F9AE47200565BED /* Products */ = {
			isa = PBXGroup;
			children = (
				6AA98CBA2F9AE47200565BED /* SkinStack.app */,
				6AA98CC72F9AE47300565BED /* SkinStackTests.xctest */,
				6AA98CD12F9AE47300565BED /* SkinStackUITests.xctest */,
			);
			name = Products;
			sourceTree = "<group>";
		};
/* End PBXGroup section */

/* Begin PBXNativeTarget section */
		6AA98CB92F9AE47200565BED /* SkinStack */ = {
			isa = PBXNativeTarget;
			buildConfigurationList = 6AA98CDB2F9AE47300565BED /* Build configuration list for PBXNativeTarget "SkinStack" */;
			buildPhases = (
				6AA98CB62F9AE47200565BED /* Sources */,
				6AA98CB72F9AE47200565BED /* Frameworks */,
				6AA98CB82F9AE47200565BED /* Resources */,
			);
			buildRules = (
			);
			dependencies = (
			);
			fileSystemSynchronizedGroups = (
				6AA98CBC2F9AE47200565BED /* SkinStack */,
			);
			name = SkinStack;
			packageProductDependencies = (
			);
			productName = SkinStack;
			productReference = 6AA98CBA2F9AE47200565BED /* SkinStack.app */;
			productType = "com.apple.product-type.application";
		};
		6AA98CC62F9AE47300565BED /* SkinStackTests */ = {
			isa = PBXNativeTarget;
			buildConfigurationList = 6AA98CDE2F9AE47300565BED /* Build configuration list for PBXNativeTarget "SkinStackTests" */;
			buildPhases = (
				6AA98CC32F9AE47300565BED /* Sources */,
				6AA98CC42F9AE47300565BED /* Frameworks */,
				6AA98CC52F9AE47300565BED /* Resources */,
			);
			buildRules = (
			);
			dependencies = (
				6AA98CC92F9AE47300565BED /* PBXTargetDependency */,
			);
			fileSystemSynchronizedGroups = (
				6AA98CCA2F9AE47300565BED /* SkinStackTests */,
			);
			name = SkinStackTests;
			packageProductDependencies = (
			);
			productName = SkinStackTests;
			productReference = 6AA98CC72F9AE47300565BED /* SkinStackTests.xctest */;
			productType = "com.apple.product-type.bundle.unit-test";
		};
		6AA98CD02F9AE47300565BED /* SkinStackUITests */ = {
			isa = PBXNativeTarget;
			buildConfigurationList = 6AA98CE12F9AE47300565BED /* Build configuration list for PBXNativeTarget "SkinStackUITests" */;
			buildPhases = (
				6AA98CCD2F9AE47300565BED /* Sources */,
				6AA98CCE2F9AE47300565BED /* Frameworks */,
				6AA98CCF2F9AE47300565BED /* Resources */,
			);
			buildRules = (
			);
			dependencies = (
				6AA98CD32F9AE47300565BED /* PBXTargetDependency */,
			);
			fileSystemSynchronizedGroups = (
				6AA98CD42F9AE47300565BED /* SkinStackUITests */,
			);
			name = SkinStackUITests;
			packageProductDependencies = (
			);
			productName = SkinStackUITests;
			productReference = 6AA98CD12F9AE47300565BED /* SkinStackUITests.xctest */;
			productType = "com.apple.product-type.bundle.ui-testing";
		};
/* End PBXNativeTarget section */

/* Begin PBXProject section */
		6AA98CB22F9AE47200565BED /* Project object */ = {
			isa = PBXProject;
			attributes = {
				BuildIndependentTargetsInParallel = 1;
				LastSwiftUpdateCheck = 1630;
				LastUpgradeCheck = 1630;
				TargetAttributes = {
					6AA98CB92F9AE47200565BED = {
						CreatedOnToolsVersion = 16.3;
					};
					6AA98CC62F9AE47300565BED = {
						CreatedOnToolsVersion = 16.3;
						TestTargetID = 6AA98CB92F9AE47200565BED;
					};
					6AA98CD02F9AE47300565BED = {
						CreatedOnToolsVersion = 16.3;
						TestTargetID = 6AA98CB92F9AE47200565BED;
					};
				};
			};
			buildConfigurationList = 6AA98CB52F9AE47200565BED /* Build configuration list for PBXProject "SkinStack" */;
			developmentRegion = en;
			hasScannedForEncodings = 0;
			knownRegions = (
				en,
				Base,
			);
			mainGroup = 6AA98CB12F9AE47200565BED;
			minimizedProjectReferenceProxies = 1;
			preferredProjectObjectVersion = 77;
			productRefGroup = 6AA98CBB2F9AE47200565BED /* Products */;
			projectDirPath = "";
			projectRoot = "";
			targets = (
				6AA98CB92F9AE47200565BED /* SkinStack */,
				6AA98CC62F9AE47300565BED /* SkinStackTests */,
				6AA98CD02F9AE47300565BED /* SkinStackUITests */,
			);
		};
/* End PBXProject section */

/* Begin PBXResourcesBuildPhase section */
		6AA98CB82F9AE47200565BED /* Resources */ = {
			isa = PBXResourcesBuildPhase;
			buildActionMask = 2147483647;
			files = (
			);
			runOnlyForDeploymentPostprocessing = 0;
		};
		6AA98CC52F9AE47300565BED /* Resources */ = {
			isa = PBXResourcesBuildPhase;
			buildActionMask = 2147483647;
			files = (
			);
			runOnlyForDeploymentPostprocessing = 0;
		};
		6AA98CCF2F9AE47300565BED /* Resources */ = {
			isa = PBXResourcesBuildPhase;
			buildActionMask = 2147483647;
			files = (
			);
			runOnlyForDeploymentPostprocessing = 0;
		};
/* End PBXResourcesBuildPhase section */

/* Begin PBXSourcesBuildPhase section */
		6AA98CB62F9AE47200565BED /* Sources */ = {
			isa = PBXSourcesBuildPhase;
			buildActionMask = 2147483647;
			files = (
			);
			runOnlyForDeploymentPostprocessing = 0;
		};
		6AA98CC32F9AE47300565BED /* Sources */ = {
			isa = PBXSourcesBuildPhase;
			buildActionMask = 2147483647;
			files = (
			);
			runOnlyForDeploymentPostprocessing = 0;
		};
		6AA98CCD2F9AE47300565BED /* Sources */ = {
			isa = PBXSourcesBuildPhase;
			buildActionMask = 2147483647;
			files = (
			);
			runOnlyForDeploymentPostprocessing = 0;
		};
/* End PBXSourcesBuildPhase section */

/* Begin PBXTargetDependency section */
		6AA98CC92F9AE47300565BED /* PBXTargetDependency */ = {
			isa = PBXTargetDependency;
			target = 6AA98CB92F9AE47200565BED /* SkinStack */;
			targetProxy = 6AA98CC82F9AE47300565BED /* PBXContainerItemProxy */;
		};
		6AA98CD32F9AE47300565BED /* PBXTargetDependency */ = {
			isa = PBXTargetDependency;
			target = 6AA98CB92F9AE47200565BED /* SkinStack */;
			targetProxy = 6AA98CD22F9AE47300565BED /* PBXContainerItemProxy */;
		};
/* End PBXTargetDependency section */

/* Begin XCBuildConfiguration section */
		6AA98CD92F9AE47300565BED /* Debug */ = {
			isa = XCBuildConfiguration;
			buildSettings = {
				ALWAYS_SEARCH_USER_PATHS = NO;
				ASSETCATALOG_COMPILER_GENERATE_SWIFT_ASSET_SYMBOL_EXTENSIONS = YES;
				CLANG_ANALYZER_NONNULL = YES;
				CLANG_ANALYZER_NUMBER_OBJECT_CONVERSION = YES_AGGRESSIVE;
				CLANG_CXX_LANGUAGE_STANDARD = "gnu++20";
				CLANG_ENABLE_MODULES = YES;
				CLANG_ENABLE_OBJC_ARC = YES;
				CLANG_ENABLE_OBJC_WEAK = YES;
				CLANG_WARN_BLOCK_CAPTURE_AUTORELEASING = YES;
				CLANG_WARN_BOOL_CONVERSION = YES;
				CLANG_WARN_COMMA = YES;
				CLANG_WARN_CONSTANT_CONVERSION = YES;
				CLANG_WARN_DEPRECATED_OBJC_IMPLEMENTATIONS = YES;
				CLANG_WARN_DIRECT_OBJC_ISA_USAGE = YES_ERROR;
				CLANG_WARN_DOCUMENTATION_COMMENTS = YES;
				CLANG_WARN_EMPTY_BODY = YES;
				CLANG_WARN_ENUM_CONVERSION = YES;
				CLANG_WARN_INFINITE_RECURSION = YES;
				CLANG_WARN_INT_CONVERSION = YES;
				CLANG_WARN_NON_LITERAL_NULL_CONVERSION = YES;
				CLANG_WARN_OBJC_IMPLICIT_RETAIN_SELF = YES;
				CLANG_WARN_OBJC_LITERAL_CONVERSION = YES;
				CLANG_WARN_OBJC_ROOT_CLASS = YES_ERROR;
				CLANG_WARN_QUOTED_INCLUDE_IN_FRAMEWORK_HEADER = YES;
				CLANG_WARN_RANGE_LOOP_ANALYSIS = YES;
				CLANG_WARN_STRICT_PROTOTYPES = YES;
				CLANG_WARN_SUSPICIOUS_MOVE = YES;
				CLANG_WARN_UNGUARDED_AVAILABILITY = YES_AGGRESSIVE;
				CLANG_WARN_UNREACHABLE_CODE = YES;
				CLANG_WARN__DUPLICATE_METHOD_MATCH = YES;
				COPY_PHASE_STRIP = NO;
				DEBUG_INFORMATION_FORMAT = dwarf;
				DEVELOPMENT_TEAM = JP4TN5PTS3;
				ENABLE_STRICT_OBJC_MSGSEND = YES;
				ENABLE_TESTABILITY = YES;
				ENABLE_USER_SCRIPT_SANDBOXING = YES;
				GCC_C_LANGUAGE_STANDARD = gnu17;
				GCC_DYNAMIC_NO_PIC = NO;
				GCC_NO_COMMON_BLOCKS = YES;
				GCC_OPTIMIZATION_LEVEL = 0;
				GCC_PREPROCESSOR_DEFINITIONS = (
					"DEBUG=1",
					"$(inherited)",
				);
				GCC_WARN_64_TO_32_BIT_CONVERSION = YES;
				GCC_WARN_ABOUT_RETURN_TYPE = YES_ERROR;
				GCC_WARN_UNDECLARED_SELECTOR = YES;
				GCC_WARN_UNINITIALIZED_AUTOS = YES_AGGRESSIVE;
				GCC_WARN_UNUSED_FUNCTION = YES;
				GCC_WARN_UNUSED_VARIABLE = YES;
				IPHONEOS_DEPLOYMENT_TARGET = 18.4;
				LOCALIZATION_PREFERS_STRING_CATALOGS = YES;
				MTL_ENABLE_DEBUG_INFO = INCLUDE_SOURCE;
				MTL_FAST_MATH = YES;
				ONLY_ACTIVE_ARCH = YES;
				SDKROOT = iphoneos;
				SWIFT_ACTIVE_COMPILATION_CONDITIONS = "DEBUG $(inherited)";
				SWIFT_OPTIMIZATION_LEVEL = "-Onone";
			};
			name = Debug;
		};
		6AA98CDA2F9AE47300565BED /* Release */ = {
			isa = XCBuildConfiguration;
			buildSettings = {
				ALWAYS_SEARCH_USER_PATHS = NO;
				ASSETCATALOG_COMPILER_GENERATE_SWIFT_ASSET_SYMBOL_EXTENSIONS = YES;
				CLANG_ANALYZER_NONNULL = YES;
				CLANG_ANALYZER_NUMBER_OBJECT_CONVERSION = YES_AGGRESSIVE;
				CLANG_CXX_LANGUAGE_STANDARD = "gnu++20";
				CLANG_ENABLE_MODULES = YES;
				CLANG_ENABLE_OBJC_ARC = YES;
				CLANG_ENABLE_OBJC_WEAK = YES;
				CLANG_WARN_BLOCK_CAPTURE_AUTORELEASING = YES;
				CLANG_WARN_BOOL_CONVERSION = YES;
				CLANG_WARN_COMMA = YES;
				CLANG_WARN_CONSTANT_CONVERSION = YES;
				CLANG_WARN_DEPRECATED_OBJC_IMPLEMENTATIONS = YES;
				CLANG_WARN_DIRECT_OBJC_ISA_USAGE = YES_ERROR;
				CLANG_WARN_DOCUMENTATION_COMMENTS = YES;
				CLANG_WARN_EMPTY_BODY = YES;
				CLANG_WARN_ENUM_CONVERSION = YES;
				CLANG_WARN_INFINITE_RECURSION = YES;
				CLANG_WARN_INT_CONVERSION = YES;
				CLANG_WARN_NON_LITERAL_NULL_CONVERSION = YES;
				CLANG_WARN_OBJC_IMPLICIT_RETAIN_SELF = YES;
				CLANG_WARN_OBJC_LITERAL_CONVERSION = YES;
				CLANG_WARN_OBJC_ROOT_CLASS = YES_ERROR;
				CLANG_WARN_QUOTED_INCLUDE_IN_FRAMEWORK_HEADER = YES;
				CLANG_WARN_RANGE_LOOP_ANALYSIS = YES;
				CLANG_WARN_STRICT_PROTOTYPES = YES;
				CLANG_WARN_SUSPICIOUS_MOVE = YES;
				CLANG_WARN_UNGUARDED_AVAILABILITY = YES_AGGRESSIVE;
				CLANG_WARN_UNREACHABLE_CODE = YES;
				CLANG_WARN__DUPLICATE_METHOD_MATCH = YES;
				COPY_PHASE_STRIP = NO;
				DEBUG_INFORMATION_FORMAT = "dwarf-with-dsym";
				DEVELOPMENT_TEAM = JP4TN5PTS3;
				ENABLE_NS_ASSERTIONS = NO;
				ENABLE_STRICT_OBJC_MSGSEND = YES;
				ENABLE_USER_SCRIPT_SANDBOXING = YES;
				GCC_C_LANGUAGE_STANDARD = gnu17;
				GCC_NO_COMMON_BLOCKS = YES;
				GCC_WARN_64_TO_32_BIT_CONVERSION = YES;
				GCC_WARN_ABOUT_RETURN_TYPE = YES_ERROR;
				GCC_WARN_UNDECLARED_SELECTOR = YES;
				GCC_WARN_UNINITIALIZED_AUTOS = YES_AGGRESSIVE;
				GCC_WARN_UNUSED_FUNCTION = YES;
				GCC_WARN_UNUSED_VARIABLE = YES;
				IPHONEOS_DEPLOYMENT_TARGET = 18.4;
				LOCALIZATION_PREFERS_STRING_CATALOGS = YES;
				MTL_ENABLE_DEBUG_INFO = NO;
				MTL_FAST_MATH = YES;
				SDKROOT = iphoneos;
				SWIFT_COMPILATION_MODE = wholemodule;
				VALIDATE_PRODUCT = YES;
			};
			name = Release;
		};
		6AA98CDC2F9AE47300565BED /* Debug */ = {
			isa = XCBuildConfiguration;
			buildSettings = {
				ASSETCATALOG_COMPILER_APPICON_NAME = AppIcon;
				ASSETCATALOG_COMPILER_GLOBAL_ACCENT_COLOR_NAME = AccentColor;
				CODE_SIGN_STYLE = Automatic;
				CURRENT_PROJECT_VERSION = 1;
				DEVELOPMENT_TEAM = JP4TN5PTS3;
				ENABLE_PREVIEWS = YES;
				GENERATE_INFOPLIST_FILE = YES;
				INFOPLIST_KEY_NSCameraUsageDescription = "SkinStack needs camera access to scan product ingredient labels.";
				INFOPLIST_KEY_NSPhotoLibraryUsageDescription = "SkinStack needs photo access to save skin journal photos.";
				INFOPLIST_KEY_UIApplicationSceneManifest_Generation = YES;
				INFOPLIST_KEY_UIApplicationSupportsIndirectInputEvents = YES;
				INFOPLIST_KEY_UILaunchScreen_Generation = YES;
				INFOPLIST_KEY_UISupportedInterfaceOrientations_iPad = "UIInterfaceOrientationPortrait UIInterfaceOrientationPortraitUpsideDown UIInterfaceOrientationLandscapeLeft UIInterfaceOrientationLandscapeRight";
				INFOPLIST_KEY_UISupportedInterfaceOrientations_iPhone = "UIInterfaceOrientationPortrait UIInterfaceOrientationLandscapeLeft UIInterfaceOrientationLandscapeRight";
				IPHONEOS_DEPLOYMENT_TARGET = 17;
				LD_RUNPATH_SEARCH_PATHS = (
					"$(inherited)",
					"@executable_path/Frameworks",
				);
				MARKETING_VERSION = 1.0.0;
				PRODUCT_BUNDLE_IDENTIFIER = com.zzoutuo.SkinStack;
				PRODUCT_NAME = "$(TARGET_NAME)";
				SWIFT_EMIT_LOC_STRINGS = YES;
				SWIFT_VERSION = 5.0;
				TARGETED_DEVICE_FAMILY = "1,2";
			};
			name = Debug;
		};
		6AA98CDD2F9AE47300565BED /* Release */ = {
			isa = XCBuildConfiguration;
			buildSettings = {
				ASSETCATALOG_COMPILER_APPICON_NAME = AppIcon;
				ASSETCATALOG_COMPILER_GLOBAL_ACCENT_COLOR_NAME = AccentColor;
				CODE_SIGN_STYLE = Automatic;
				CURRENT_PROJECT_VERSION = 1;
				DEVELOPMENT_TEAM = JP4TN5PTS3;
				ENABLE_PREVIEWS = YES;
				GENERATE_INFOPLIST_FILE = YES;
				INFOPLIST_KEY_NSCameraUsageDescription = "SkinStack needs camera access to scan product ingredient labels.";
				INFOPLIST_KEY_NSPhotoLibraryUsageDescription = "SkinStack needs photo access to save skin journal photos.";
				INFOPLIST_KEY_UIApplicationSceneManifest_Generation = YES;
				INFOPLIST_KEY_UIApplicationSupportsIndirectInputEvents = YES;
				INFOPLIST_KEY_UILaunchScreen_Generation = YES;
				INFOPLIST_KEY_UISupportedInterfaceOrientations_iPad = "UIInterfaceOrientationPortrait UIInterfaceOrientationPortraitUpsideDown UIInterfaceOrientationLandscapeLeft UIInterfaceOrientationLandscapeRight";
				INFOPLIST_KEY_UISupportedInterfaceOrientations_iPhone = "UIInterfaceOrientationPortrait UIInterfaceOrientationLandscapeLeft UIInterfaceOrientationLandscapeRight";
				IPHONEOS_DEPLOYMENT_TARGET = 17;
				LD_RUNPATH_SEARCH_PATHS = (
					"$(inherited)",
					"@executable_path/Frameworks",
				);
				MARKETING_VERSION = 1.0.0;
				PRODUCT_BUNDLE_IDENTIFIER = com.zzoutuo.SkinStack;
				PRODUCT_NAME = "$(TARGET_NAME)";
				SWIFT_EMIT_LOC_STRINGS = YES;
				SWIFT_VERSION = 5.0;
				TARGETED_DEVICE_FAMILY = "1,2";
			};
			name = Release;
		};
		6AA98CDF2F9AE47300565BED /* Debug */ = {
			isa = XCBuildConfiguration;
			buildSettings = {
				BUNDLE_LOADER = "$(TEST_HOST)";
				CODE_SIGN_STYLE = Automatic;
				CURRENT_PROJECT_VERSION = 1;
				DEVELOPMENT_TEAM = JP4TN5PTS3;
				GENERATE_INFOPLIST_FILE = YES;
				IPHONEOS_DEPLOYMENT_TARGET = 18.4;
				MARKETING_VERSION = 1.0;
				PRODUCT_BUNDLE_IDENTIFIER = com.zzoutuo.SkinStack.SkinStackTests;
				PRODUCT_NAME = "$(TARGET_NAME)";
				SWIFT_EMIT_LOC_STRINGS = NO;
				SWIFT_VERSION = 5.0;
				TARGETED_DEVICE_FAMILY = "1,2";
				TEST_HOST = "$(BUILT_PRODUCTS_DIR)/SkinStack.app/$(BUNDLE_EXECUTABLE_FOLDER_PATH)/SkinStack";
			};
			name = Debug;
		};
		6AA98CE02F9AE47300565BED /* Release */ = {
			isa = XCBuildConfiguration;
			buildSettings = {
				BUNDLE_LOADER = "$(TEST_HOST)";
				CODE_SIGN_STYLE = Automatic;
				CURRENT_PROJECT_VERSION = 1;
				DEVELOPMENT_TEAM = JP4TN5PTS3;
				GENERATE_INFOPLIST_FILE = YES;
				IPHONEOS_DEPLOYMENT_TARGET = 18.4;
				MARKETING_VERSION = 1.0;
				PRODUCT_BUNDLE_IDENTIFIER = com.zzoutuo.SkinStack.SkinStackTests;
				PRODUCT_NAME = "$(TARGET_NAME)";
				SWIFT_EMIT_LOC_STRINGS = NO;
				SWIFT_VERSION = 5.0;
				TARGETED_DEVICE_FAMILY = "1,2";
				TEST_HOST = "$(BUILT_PRODUCTS_DIR)/SkinStack.app/$(BUNDLE_EXECUTABLE_FOLDER_PATH)/SkinStack";
			};
			name = Release;
		};
		6AA98CE22F9AE47300565BED /* Debug */ = {
			isa = XCBuildConfiguration;
			buildSettings = {
				CODE_SIGN_STYLE = Automatic;
				CURRENT_PROJECT_VERSION = 1;
				DEVELOPMENT_TEAM = JP4TN5PTS3;
				GENERATE_INFOPLIST_FILE = YES;
				MARKETING_VERSION = 1.0;
				PRODUCT_BUNDLE_IDENTIFIER = com.zzoutuo.SkinStack.SkinStackUITests;
				PRODUCT_NAME = "$(TARGET_NAME)";
				SWIFT_EMIT_LOC_STRINGS = NO;
				SWIFT_VERSION = 5.0;
				TARGETED_DEVICE_FAMILY = "1,2";
				TEST_TARGET_NAME = SkinStack;
			};
			name = Debug;
		};
		6AA98CE32F9AE47300565BED /* Release */ = {
			isa = XCBuildConfiguration;
			buildSettings = {
				CODE_SIGN_STYLE = Automatic;
				CURRENT_PROJECT_VERSION = 1;
				DEVELOPMENT_TEAM = JP4TN5PTS3;
				GENERATE_INFOPLIST_FILE = YES;
				MARKETING_VERSION = 1.0;
				PRODUCT_BUNDLE_IDENTIFIER = com.zzoutuo.SkinStack.SkinStackUITests;
				PRODUCT_NAME = "$(TARGET_NAME)";
				SWIFT_EMIT_LOC_STRINGS = NO;
				SWIFT_VERSION = 5.0;
				TARGETED_DEVICE_FAMILY = "1,2";
				TEST_TARGET_NAME = SkinStack;
			};
			name = Release;
		};
/* End XCBuildConfiguration section */

/* Begin XCConfigurationList section */
		6AA98CB52F9AE47200565BED /* Build configuration list for PBXProject "SkinStack" */ = {
			isa = XCConfigurationList;
			buildConfigurations = (
				6AA98CD92F9AE47300565BED /* Debug */,
				6AA98CDA2F9AE47300565BED /* Release */,
			);
			defaultConfigurationIsVisible = 0;
			defaultConfigurationName = Release;
		};
		6AA98CDB2F9AE47300565BED /* Build configuration list for PBXNativeTarget "SkinStack" */ = {
			isa = XCConfigurationList;
			buildConfigurations = (
				6AA98CDC2F9AE47300565BED /* Debug */,
				6AA98CDD2F9AE47300565BED /* Release */,
			);
			defaultConfigurationIsVisible = 0;
			defaultConfigurationName = Release;
		};
		6AA98CDE2F9AE47300565BED /* Build configuration list for PBXNativeTarget "SkinStackTests" */ = {
			isa = XCConfigurationList;
			buildConfigurations = (
				6AA98CDF2F9AE47300565BED /* Debug */,
				6AA98CE02F9AE47300565BED /* Release */,
			);
			defaultConfigurationIsVisible = 0;
			defaultConfigurationName = Release;
		};
		6AA98CE12F9AE47300565BED /* Build configuration list for PBXNativeTarget "SkinStackUITests" */ = {
			isa = XCConfigurationList;
			buildConfigurations = (
				6AA98CE22F9AE47300565BED /* Debug */,
				6AA98CE32F9AE47300565BED /* Release */,
			);
			defaultConfigurationIsVisible = 0;
			defaultConfigurationName = Release;
		};
/* End XCConfigurationList section */
	};
	rootObject = 6AA98CB22F9AE47200565BED /* Project object */;
}
